
Microsoft Visual Studio Solution File, Format Version 10.00
# Visual Studio 2008
Project("{8BC9CEB8-8B4A-11D0-8D11-00A0C91BC942}") = "tencentopenapi", "tencentopenapi.vcproj", "{7BD38765-5119-47EC-B341-E2D55EB5233B}"
EndProject
Project("{8BC9CEB8-8B4A-11D0-8D11-00A0C91BC942}") = "TEST", "TEST\TEST.vcproj", "{AC44C9DF-B559-49C6-9A48-1A49F76786F5}"
EndProject
Global
	GlobalSection(SolutionConfigurationPlatforms) = preSolution
		Debug|Win32 = Debug|Win32
		Release|Win32 = Release|Win32
	EndGlobalSection
	GlobalSection(ProjectConfigurationPlatforms) = postSolution
		{7BD38765-5119-47EC-B341-E2D55EB5233B}.Debug|Win32.ActiveCfg = Debug|Win32
		{7BD38765-5119-47EC-B341-E2D55EB5233B}.Debug|Win32.Build.0 = Debug|Win32
		{7BD38765-5119-47EC-B341-E2D55EB5233B}.Release|Win32.ActiveCfg = Release|Win32
		{7BD38765-5119-47EC-B341-E2D55EB5233B}.Release|Win32.Build.0 = Release|Win32
		{AC44C9DF-B559-49C6-9A48-1A49F76786F5}.Debug|Win32.ActiveCfg = Debug|Win32
		{AC44C9DF-B559-49C6-9A48-1A49F76786F5}.Debug|Win32.Build.0 = Debug|Win32
		{AC44C9DF-B559-49C6-9A48-1A49F76786F5}.Release|Win32.ActiveCfg = Release|Win32
		{AC44C9DF-B559-49C6-9A48-1A49F76786F5}.Release|Win32.Build.0 = Release|Win32
	EndGlobalSection
	GlobalSection(SolutionProperties) = preSolution
		HideSolutionNode = FALSE
	EndGlobalSection
EndGlobal
