<?xml version="1.0" encoding="UTF-8" standalone="yes" ?>
<CodeBlocks_project_file>
	<FileVersion major="1" minor="6" />
	<Project>
		<Option title="data" />
		<Option pch_mode="2" />
		<Option compiler="gcc" />
		<Build>
			<Target title="Debug">
				<Option output="../bin/Debug/data" prefix_auto="1" extension_auto="1" />
				<Option working_dir="/media/sf_work/code/data_scripts" />
				<Option object_output="obj/Debug/" />
				<Option type="1" />
				<Option compiler="gcc" />
				<Compiler>
					<Add option="-g" />
				</Compiler>
				<Linker>
					<Add option="-static" />
				</Linker>
			</Target>
			<Target title="Release">
				<Option output="../bin/Debug/data" prefix_auto="1" extension_auto="1" />
				<Option object_output="obj/Release/" />
				<Option type="1" />
				<Option compiler="gcc" />
				<Compiler>
					<Add option="-O2" />
				</Compiler>
				<Linker>
					<Add option="-s" />
				</Linker>
			</Target>
		</Build>
		<Compiler>
			<Add option="-Wall" />
			<Add option="-fexceptions" />
		</Compiler>
		<Linker>
			<Add option="-rdynamic" />
			<Add library="z" />
		</Linker>
		<Unit filename="data.cpp" />
		<Unit filename="data.h" />
		<Unit filename="data_main.cpp" />
		<Unit filename="../system/libtimer.cc" />
		<Unit filename="../system/libtimer.h" />
		<Unit filename="../system/libzmq.cc" />
		<Unit filename="../system/timer.cc" />
		<Unit filename="../system/timer.h" />
		<Extensions>
			<code_completion />
			<envvars />
			<lib_finder disable_auto="1" />
			<debugger />
		</Extensions>
	</Project>
</CodeBlocks_project_file>
